// !$*UTF8*$!
{
	archiveVersion = 1;
	classes = {
	};
	objectVersion = 55;
	objects = {

/* Begin PBXBuildFile section */
		285737350256571FCA75A41C /* Pods_VIPER_demo.framework in Frameworks */ = {isa = PBXBuildFile; fileRef = 6C0398A07593003810727A79 /* Pods_VIPER_demo.framework */; };
		F431867F27BF39D300E7805E /* AppDelegate.swift in Sources */ = {isa = PBXBuildFile; fileRef = F431867E27BF39D300E7805E /* AppDelegate.swift */; };
		F431868327BF39D300E7805E /* PostViewController.swift in Sources */ = {isa = PBXBuildFile; fileRef = F431868227BF39D300E7805E /* PostViewController.swift */; };
		F431868827BF39D800E7805E /* Assets.xcassets in Resources */ = {isa = PBXBuildFile; fileRef = F431868727BF39D800E7805E /* Assets.xcassets */; };
		F431868B27BF39D800E7805E /* LaunchScreen.storyboard in Resources */ = {isa = PBXBuildFile; fileRef = F431868927BF39D800E7805E /* LaunchScreen.storyboard */; };
		F431869727BF430100E7805E /* Post.storyboard in Resources */ = {isa = PBXBuildFile; fileRef = F431869627BF430100E7805E /* Post.storyboard */; };
		F43186A327BF500200E7805E /* PostTableViewCell.xib in Resources */ = {isa = PBXBuildFile; fileRef = F43186A227BF500200E7805E /* PostTableViewCell.xib */; };
		F43186A527BF503300E7805E /* PostTableViewCell.swift in Sources */ = {isa = PBXBuildFile; fileRef = F43186A427BF503300E7805E /* PostTableViewCell.swift */; };
		F43186A927BF550200E7805E /* BaseTableViewCell.swift in Sources */ = {isa = PBXBuildFile; fileRef = F43186A827BF550200E7805E /* BaseTableViewCell.swift */; };
/* End PBXBuildFile section */

/* Begin PBXFileReference section */
		13DBB0285B2C3AAC23062760 /* Pods-VIPER_demo.debug.xcconfig */ = {isa = PBXFileReference; includeInIndex = 1; lastKnownFileType = text.xcconfig; name = "Pods-VIPER_demo.debug.xcconfig"; path = "Target Support Files/Pods-VIPER_demo/Pods-VIPER_demo.debug.xcconfig"; sourceTree = "<group>"; };
		6C0398A07593003810727A79 /* Pods_VIPER_demo.framework */ = {isa = PBXFileReference; explicitFileType = wrapper.framework; includeInIndex = 0; path = Pods_VIPER_demo.framework; sourceTree = BUILT_PRODUCTS_DIR; };
		AD38AD08C1BE116380298841 /* Pods-VIPER_demo.release.xcconfig */ = {isa = PBXFileReference; includeInIndex = 1; lastKnownFileType = text.xcconfig; name = "Pods-VIPER_demo.release.xcconfig"; path = "Target Support Files/Pods-VIPER_demo/Pods-VIPER_demo.release.xcconfig"; sourceTree = "<group>"; };
		F431867B27BF39D300E7805E /* VIPER_demo.app */ = {isa = PBXFileReference; explicitFileType = wrapper.application; includeInIndex = 0; path = VIPER_demo.app; sourceTree = BUILT_PRODUCTS_DIR; };
		F431867E27BF39D300E7805E /* AppDelegate.swift */ = {isa = PBXFileReference; lastKnownFileType = sourcecode.swift; path = AppDelegate.swift; sourceTree = "<group>"; };
		F431868227BF39D300E7805E /* PostViewController.swift */ = {isa = PBXFileReference; lastKnownFileType = sourcecode.swift; path = PostViewController.swift; sourceTree = "<group>"; };
		F431868727BF39D800E7805E /* Assets.xcassets */ = {isa = PBXFileReference; lastKnownFileType = folder.assetcatalog; path = Assets.xcassets; sourceTree = "<group>"; };
		F431868A27BF39D800E7805E /* Base */ = {isa = PBXFileReference; lastKnownFileType = file.storyboard; name = Base; path = Base.lproj/LaunchScreen.storyboard; sourceTree = "<group>"; };
		F431868C27BF39D800E7805E /* Info.plist */ = {isa = PBXFileReference; lastKnownFileType = text.plist.xml; path = Info.plist; sourceTree = "<group>"; };
		F431869627BF430100E7805E /* Post.storyboard */ = {isa = PBXFileReference; lastKnownFileType = file.storyboard; path = Post.storyboard; sourceTree = "<group>"; };
		F43186A227BF500200E7805E /* PostTableViewCell.xib */ = {isa = PBXFileReference; lastKnownFileType = file.xib; path = PostTableViewCell.xib; sourceTree = "<group>"; };
		F43186A427BF503300E7805E /* PostTableViewCell.swift */ = {isa = PBXFileReference; lastKnownFileType = sourcecode.swift; path = PostTableViewCell.swift; sourceTree = "<group>"; };
		F43186A827BF550200E7805E /* BaseTableViewCell.swift */ = {isa = PBXFileReference; lastKnownFileType = sourcecode.swift; path = BaseTableViewCell.swift; sourceTree = "<group>"; };
/* End PBXFileReference section */

/* Begin PBXFrameworksBuildPhase section */
		F431867827BF39D300E7805E /* Frameworks */ = {
			isa = PBXFrameworksBuildPhase;
			buildActionMask = 2147483647;
			files = (
				285737350256571FCA75A41C /* Pods_VIPER_demo.framework in Frameworks */,
			);
			runOnlyForDeploymentPostprocessing = 0;
		};
/* End PBXFrameworksBuildPhase section */

/* Begin PBXGroup section */
		216382800A95956B6E842EF4 /* Pods */ = {
			isa = PBXGroup;
			children = (
				13DBB0285B2C3AAC23062760 /* Pods-VIPER_demo.debug.xcconfig */,
				AD38AD08C1BE116380298841 /* Pods-VIPER_demo.release.xcconfig */,
			);
			path = Pods;
			sourceTree = "<group>";
		};
		2A54A2F154CA675F158D3F9D /* Frameworks */ = {
			isa = PBXGroup;
			children = (
				6C0398A07593003810727A79 /* Pods_VIPER_demo.framework */,
			);
			name = Frameworks;
			sourceTree = "<group>";
		};
		F431867227BF39D300E7805E = {
			isa = PBXGroup;
			children = (
				F431867D27BF39D300E7805E /* VIPER_demo */,
				F431867C27BF39D300E7805E /* Products */,
				216382800A95956B6E842EF4 /* Pods */,
				2A54A2F154CA675F158D3F9D /* Frameworks */,
			);
			sourceTree = "<group>";
		};
		F431867C27BF39D300E7805E /* Products */ = {
			isa = PBXGroup;
			children = (
				F431867B27BF39D300E7805E /* VIPER_demo.app */,
			);
			name = Products;
			sourceTree = "<group>";
		};
		F431867D27BF39D300E7805E /* VIPER_demo */ = {
			isa = PBXGroup;
			children = (
				F43186A627BF54EB00E7805E /* common-utils */,
				F431869427BF3A4300E7805E /* app-settings */,
				F431869327BF3A1900E7805E /* app-modules */,
				F431869227BF3A0D00E7805E /* app-ui */,
				F431868727BF39D800E7805E /* Assets.xcassets */,
				F431868C27BF39D800E7805E /* Info.plist */,
			);
			path = VIPER_demo;
			sourceTree = "<group>";
		};
		F431869227BF3A0D00E7805E /* app-ui */ = {
			isa = PBXGroup;
			children = (
				F431868927BF39D800E7805E /* LaunchScreen.storyboard */,
				F431869627BF430100E7805E /* Post.storyboard */,
			);
			path = "app-ui";
			sourceTree = "<group>";
		};
		F431869327BF3A1900E7805E /* app-modules */ = {
			isa = PBXGroup;
			children = (
				F431869527BF3A7E00E7805E /* post-module */,
			);
			path = "app-modules";
			sourceTree = "<group>";
		};
		F431869427BF3A4300E7805E /* app-settings */ = {
			isa = PBXGroup;
			children = (
				F431867E27BF39D300E7805E /* AppDelegate.swift */,
			);
			path = "app-settings";
			sourceTree = "<group>";
		};
		F431869527BF3A7E00E7805E /* post-module */ = {
			isa = PBXGroup;
			children = (
				F43186A027BF4FC600E7805E /* router */,
				F431869F27BF4FBD00E7805E /* entity */,
				F431869E27BF4FB400E7805E /* presentor */,
				F431869D27BF4FAB00E7805E /* interceptor */,
				F431869C27BF4F9500E7805E /* view */,
				F431868227BF39D300E7805E /* PostViewController.swift */,
			);
			path = "post-module";
			sourceTree = "<group>";
		};
		F431869C27BF4F9500E7805E /* view */ = {
			isa = PBXGroup;
			children = (
				F43186A127BF4FE900E7805E /* PostCell */,
			);
			path = view;
			sourceTree = "<group>";
		};
		F431869D27BF4FAB00E7805E /* interceptor */ = {
			isa = PBXGroup;
			children = (
			);
			path = interceptor;
			sourceTree = "<group>";
		};
		F431869E27BF4FB400E7805E /* presentor */ = {
			isa = PBXGroup;
			children = (
			);
			path = presentor;
			sourceTree = "<group>";
		};
		F431869F27BF4FBD00E7805E /* entity */ = {
			isa = PBXGroup;
			children = (
			);
			path = entity;
			sourceTree = "<group>";
		};
		F43186A027BF4FC600E7805E /* router */ = {
			isa = PBXGroup;
			children = (
			);
			path = router;
			sourceTree = "<group>";
		};
		F43186A127BF4FE900E7805E /* PostCell */ = {
			isa = PBXGroup;
			children = (
				F43186A227BF500200E7805E /* PostTableViewCell.xib */,
				F43186A427BF503300E7805E /* PostTableViewCell.swift */,
			);
			path = PostCell;
			sourceTree = "<group>";
		};
		F43186A627BF54EB00E7805E /* common-utils */ = {
			isa = PBXGroup;
			children = (
				F43186A727BF54F400E7805E /* view */,
			);
			path = "common-utils";
			sourceTree = "<group>";
		};
		F43186A727BF54F400E7805E /* view */ = {
			isa = PBXGroup;
			children = (
				F43186A827BF550200E7805E /* BaseTableViewCell.swift */,
			);
			path = view;
			sourceTree = "<group>";
		};
/* End PBXGroup section */

/* Begin PBXNativeTarget section */
		F431867A27BF39D300E7805E /* VIPER_demo */ = {
			isa = PBXNativeTarget;
			buildConfigurationList = F431868F27BF39D800E7805E /* Build configuration list for PBXNativeTarget "VIPER_demo" */;
			buildPhases = (
				83D1CD78794333ED457A071E /* [CP] Check Pods Manifest.lock */,
				F431867727BF39D300E7805E /* Sources */,
				F431867827BF39D300E7805E /* Frameworks */,
				F431867927BF39D300E7805E /* Resources */,
				1053AF49AA787F72EF2BB8FA /* [CP] Embed Pods Frameworks */,
			);
			buildRules = (
			);
			dependencies = (
			);
			name = VIPER_demo;
			productName = VIPER_demo;
			productReference = F431867B27BF39D300E7805E /* VIPER_demo.app */;
			productType = "com.apple.product-type.application";
		};
/* End PBXNativeTarget section */

/* Begin PBXProject section */
		F431867327BF39D300E7805E /* Project object */ = {
			isa = PBXProject;
			attributes = {
				BuildIndependentTargetsInParallel = 1;
				LastSwiftUpdateCheck = 1320;
				LastUpgradeCheck = 1320;
				TargetAttributes = {
					F431867A27BF39D300E7805E = {
						CreatedOnToolsVersion = 13.2.1;
					};
				};
			};
			buildConfigurationList = F431867627BF39D300E7805E /* Build configuration list for PBXProject "VIPER_demo" */;
			compatibilityVersion = "Xcode 13.0";
			developmentRegion = en;
			hasScannedForEncodings = 0;
			knownRegions = (
				en,
				Base,
			);
			mainGroup = F431867227BF39D300E7805E;
			productRefGroup = F431867C27BF39D300E7805E /* Products */;
			projectDirPath = "";
			projectRoot = "";
			targets = (
				F431867A27BF39D300E7805E /* VIPER_demo */,
			);
		};
/* End PBXProject section */

/* Begin PBXResourcesBuildPhase section */
		F431867927BF39D300E7805E /* Resources */ = {
			isa = PBXResourcesBuildPhase;
			buildActionMask = 2147483647;
			files = (
				F431868B27BF39D800E7805E /* LaunchScreen.storyboard in Resources */,
				F431869727BF430100E7805E /* Post.storyboard in Resources */,
				F431868827BF39D800E7805E /* Assets.xcassets in Resources */,
				F43186A327BF500200E7805E /* PostTableViewCell.xib in Resources */,
			);
			runOnlyForDeploymentPostprocessing = 0;
		};
/* End PBXResourcesBuildPhase section */

/* Begin PBXShellScriptBuildPhase section */
		1053AF49AA787F72EF2BB8FA /* [CP] Embed Pods Frameworks */ = {
			isa = PBXShellScriptBuildPhase;
			buildActionMask = 2147483647;
			files = (
			);
			inputFileListPaths = (
				"${PODS_ROOT}/Target Support Files/Pods-VIPER_demo/Pods-VIPER_demo-frameworks-${CONFIGURATION}-input-files.xcfilelist",
			);
			name = "[CP] Embed Pods Frameworks";
			outputFileListPaths = (
				"${PODS_ROOT}/Target Support Files/Pods-VIPER_demo/Pods-VIPER_demo-frameworks-${CONFIGURATION}-output-files.xcfilelist",
			);
			runOnlyForDeploymentPostprocessing = 0;
			shellPath = /bin/sh;
			shellScript = "\"${PODS_ROOT}/Target Support Files/Pods-VIPER_demo/Pods-VIPER_demo-frameworks.sh\"\n";
			showEnvVarsInLog = 0;
		};
		83D1CD78794333ED457A071E /* [CP] Check Pods Manifest.lock */ = {
			isa = PBXShellScriptBuildPhase;
			buildActionMask = 2147483647;
			files = (
			);
			inputFileListPaths = (
			);
			inputPaths = (
				"${PODS_PODFILE_DIR_PATH}/Podfile.lock",
				"${PODS_ROOT}/Manifest.lock",
			);
			name = "[CP] Check Pods Manifest.lock";
			outputFileListPaths = (
			);
			outputPaths = (
				"$(DERIVED_FILE_DIR)/Pods-VIPER_demo-checkManifestLockResult.txt",
			);
			runOnlyForDeploymentPostprocessing = 0;
			shellPath = /bin/sh;
			shellScript = "diff \"${PODS_PODFILE_DIR_PATH}/Podfile.lock\" \"${PODS_ROOT}/Manifest.lock\" > /dev/null\nif [ $? != 0 ] ; then\n    # print error to STDERR\n    echo \"error: The sandbox is not in sync with the Podfile.lock. Run 'pod install' or update your CocoaPods installation.\" >&2\n    exit 1\nfi\n# This output is used by Xcode 'outputs' to avoid re-running this script phase.\necho \"SUCCESS\" > \"${SCRIPT_OUTPUT_FILE_0}\"\n";
			showEnvVarsInLog = 0;
		};
/* End PBXShellScriptBuildPhase section */

/* Begin PBXSourcesBuildPhase section */
		F431867727BF39D300E7805E /* Sources */ = {
			isa = PBXSourcesBuildPhase;
			buildActionMask = 2147483647;
			files = (
				F43186A927BF550200E7805E /* BaseTableViewCell.swift in Sources */,
				F431868327BF39D300E7805E /* PostViewController.swift in Sources */,
				F431867F27BF39D300E7805E /* AppDelegate.swift in Sources */,
				F43186A527BF503300E7805E /* PostTableViewCell.swift in Sources */,
			);
			runOnlyForDeploymentPostprocessing = 0;
		};
/* End PBXSourcesBuildPhase section */

/* Begin PBXVariantGroup section */
		F431868927BF39D800E7805E /* LaunchScreen.storyboard */ = {
			isa = PBXVariantGroup;
			children = (
				F431868A27BF39D800E7805E /* Base */,
			);
			name = LaunchScreen.storyboard;
			sourceTree = "<group>";
		};
/* End PBXVariantGroup section */

/* Begin XCBuildConfiguration section */
		F431868D27BF39D800E7805E /* Debug */ = {
			isa = XCBuildConfiguration;
			buildSettings = {
				ALWAYS_SEARCH_USER_PATHS = NO;
				CLANG_ANALYZER_NONNULL = YES;
				CLANG_ANALYZER_NUMBER_OBJECT_CONVERSION = YES_AGGRESSIVE;
				CLANG_CXX_LANGUAGE_STANDARD = "gnu++17";
				CLANG_CXX_LIBRARY = "libc++";
				CLANG_ENABLE_MODULES = YES;
				CLANG_ENABLE_OBJC_ARC = YES;
				CLANG_ENABLE_OBJC_WEAK = YES;
				CLANG_WARN_BLOCK_CAPTURE_AUTORELEASING = YES;
				CLANG_WARN_BOOL_CONVERSION = YES;
				CLANG_WARN_COMMA = YES;
				CLANG_WARN_CONSTANT_CONVERSION = YES;
				CLANG_WARN_DEPRECATED_OBJC_IMPLEMENTATIONS = YES;
				CLANG_WARN_DIRECT_OBJC_ISA_USAGE = YES_ERROR;
				CLANG_WARN_DOCUMENTATION_COMMENTS = YES;
				CLANG_WARN_EMPTY_BODY = YES;
				CLANG_WARN_ENUM_CONVERSION = YES;
				CLANG_WARN_INFINITE_RECURSION = YES;
				CLANG_WARN_INT_CONVERSION = YES;
				CLANG_WARN_NON_LITERAL_NULL_CONVERSION = YES;
				CLANG_WARN_OBJC_IMPLICIT_RETAIN_SELF = YES;
				CLANG_WARN_OBJC_LITERAL_CONVERSION = YES;
				CLANG_WARN_OBJC_ROOT_CLASS = YES_ERROR;
				CLANG_WARN_QUOTED_INCLUDE_IN_FRAMEWORK_HEADER = YES;
				CLANG_WARN_RANGE_LOOP_ANALYSIS = YES;
				CLANG_WARN_STRICT_PROTOTYPES = YES;
				CLANG_WARN_SUSPICIOUS_MOVE = YES;
				CLANG_WARN_UNGUARDED_AVAILABILITY = YES_AGGRESSIVE;
				CLANG_WARN_UNREACHABLE_CODE = YES;
				CLANG_WARN__DUPLICATE_METHOD_MATCH = YES;
				COPY_PHASE_STRIP = NO;
				DEBUG_INFORMATION_FORMAT = dwarf;
				ENABLE_STRICT_OBJC_MSGSEND = YES;
				ENABLE_TESTABILITY = YES;
				GCC_C_LANGUAGE_STANDARD = gnu11;
				GCC_DYNAMIC_NO_PIC = NO;
				GCC_NO_COMMON_BLOCKS = YES;
				GCC_OPTIMIZATION_LEVEL = 0;
				GCC_PREPROCESSOR_DEFINITIONS = (
					"DEBUG=1",
					"$(inherited)",
				);
				GCC_WARN_64_TO_32_BIT_CONVERSION = YES;
				GCC_WARN_ABOUT_RETURN_TYPE = YES_ERROR;
				GCC_WARN_UNDECLARED_SELECTOR = YES;
				GCC_WARN_UNINITIALIZED_AUTOS = YES_AGGRESSIVE;
				GCC_WARN_UNUSED_FUNCTION = YES;
				GCC_WARN_UNUSED_VARIABLE = YES;
				IPHONEOS_DEPLOYMENT_TARGET = 15.2;
				MTL_ENABLE_DEBUG_INFO = INCLUDE_SOURCE;
				MTL_FAST_MATH = YES;
				ONLY_ACTIVE_ARCH = YES;
				SDKROOT = iphoneos;
				SWIFT_ACTIVE_COMPILATION_CONDITIONS = DEBUG;
				SWIFT_OPTIMIZATION_LEVEL = "-Onone";
			};
			name = Debug;
		};
		F431868E27BF39D800E7805E /* Release */ = {
			isa = XCBuildConfiguration;
			buildSettings = {
				ALWAYS_SEARCH_USER_PATHS = NO;
				CLANG_ANALYZER_NONNULL = YES;
				CLANG_ANALYZER_NUMBER_OBJECT_CONVERSION = YES_AGGRESSIVE;
				CLANG_CXX_LANGUAGE_STANDARD = "gnu++17";
				CLANG_CXX_LIBRARY = "libc++";
				CLANG_ENABLE_MODULES = YES;
				CLANG_ENABLE_OBJC_ARC = YES;
				CLANG_ENABLE_OBJC_WEAK = YES;
				CLANG_WARN_BLOCK_CAPTURE_AUTORELEASING = YES;
				CLANG_WARN_BOOL_CONVERSION = YES;
				CLANG_WARN_COMMA = YES;
				CLANG_WARN_CONSTANT_CONVERSION = YES;
				CLANG_WARN_DEPRECATED_OBJC_IMPLEMENTATIONS = YES;
				CLANG_WARN_DIRECT_OBJC_ISA_USAGE = YES_ERROR;
				CLANG_WARN_DOCUMENTATION_COMMENTS = YES;
				CLANG_WARN_EMPTY_BODY = YES;
				CLANG_WARN_ENUM_CONVERSION = YES;
				CLANG_WARN_INFINITE_RECURSION = YES;
				CLANG_WARN_INT_CONVERSION = YES;
				CLANG_WARN_NON_LITERAL_NULL_CONVERSION = YES;
				CLANG_WARN_OBJC_IMPLICIT_RETAIN_SELF = YES;
				CLANG_WARN_OBJC_LITERAL_CONVERSION = YES;
				CLANG_WARN_OBJC_ROOT_CLASS = YES_ERROR;
				CLANG_WARN_QUOTED_INCLUDE_IN_FRAMEWORK_HEADER = YES;
				CLANG_WARN_RANGE_LOOP_ANALYSIS = YES;
				CLANG_WARN_STRICT_PROTOTYPES = YES;
				CLANG_WARN_SUSPICIOUS_MOVE = YES;
				CLANG_WARN_UNGUARDED_AVAILABILITY = YES_AGGRESSIVE;
				CLANG_WARN_UNREACHABLE_CODE = YES;
				CLANG_WARN__DUPLICATE_METHOD_MATCH = YES;
				COPY_PHASE_STRIP = NO;
				DEBUG_INFORMATION_FORMAT = "dwarf-with-dsym";
				ENABLE_NS_ASSERTIONS = NO;
				ENABLE_STRICT_OBJC_MSGSEND = YES;
				GCC_C_LANGUAGE_STANDARD = gnu11;
				GCC_NO_COMMON_BLOCKS = YES;
				GCC_WARN_64_TO_32_BIT_CONVERSION = YES;
				GCC_WARN_ABOUT_RETURN_TYPE = YES_ERROR;
				GCC_WARN_UNDECLARED_SELECTOR = YES;
				GCC_WARN_UNINITIALIZED_AUTOS = YES_AGGRESSIVE;
				GCC_WARN_UNUSED_FUNCTION = YES;
				GCC_WARN_UNUSED_VARIABLE = YES;
				IPHONEOS_DEPLOYMENT_TARGET = 15.2;
				MTL_ENABLE_DEBUG_INFO = NO;
				MTL_FAST_MATH = YES;
				SDKROOT = iphoneos;
				SWIFT_COMPILATION_MODE = wholemodule;
				SWIFT_OPTIMIZATION_LEVEL = "-O";
				VALIDATE_PRODUCT = YES;
			};
			name = Release;
		};
		F431869027BF39D800E7805E /* Debug */ = {
			isa = XCBuildConfiguration;
			baseConfigurationReference = 13DBB0285B2C3AAC23062760 /* Pods-VIPER_demo.debug.xcconfig */;
			buildSettings = {
				ASSETCATALOG_COMPILER_APPICON_NAME = AppIcon;
				ASSETCATALOG_COMPILER_GLOBAL_ACCENT_COLOR_NAME = AccentColor;
				CODE_SIGN_STYLE = Automatic;
				CURRENT_PROJECT_VERSION = 1;
				DEVELOPMENT_TEAM = VF82NM953G;
				GENERATE_INFOPLIST_FILE = YES;
				INFOPLIST_FILE = VIPER_demo/Info.plist;
				INFOPLIST_KEY_UIApplicationSupportsIndirectInputEvents = YES;
				INFOPLIST_KEY_UILaunchStoryboardName = LaunchScreen;
				INFOPLIST_KEY_UIMainStoryboardFile = Post;
				INFOPLIST_KEY_UISupportedInterfaceOrientations = UIInterfaceOrientationPortrait;
				INFOPLIST_KEY_UISupportedInterfaceOrientations_iPad = "UIInterfaceOrientationPortrait UIInterfaceOrientationPortraitUpsideDown UIInterfaceOrientationLandscapeLeft UIInterfaceOrientationLandscapeRight";
				INFOPLIST_KEY_UISupportedInterfaceOrientations_iPhone = "UIInterfaceOrientationPortrait UIInterfaceOrientationLandscapeLeft UIInterfaceOrientationLandscapeRight";
				LD_RUNPATH_SEARCH_PATHS = (
					"$(inherited)",
					"@executable_path/Frameworks",
				);
				MARKETING_VERSION = 1.0;
				PRODUCT_BUNDLE_IDENTIFIER = "looiwenghoong.VIPER-demo";
				PRODUCT_NAME = "$(TARGET_NAME)";
				SWIFT_EMIT_LOC_STRINGS = YES;
				SWIFT_VERSION = 5.0;
				TARGETED_DEVICE_FAMILY = "1,2";
			};
			name = Debug;
		};
		F431869127BF39D800E7805E /* Release */ = {
			isa = XCBuildConfiguration;
			baseConfigurationReference = AD38AD08C1BE116380298841 /* Pods-VIPER_demo.release.xcconfig */;
			buildSettings = {
				ASSETCATALOG_COMPILER_APPICON_NAME = AppIcon;
				ASSETCATALOG_COMPILER_GLOBAL_ACCENT_COLOR_NAME = AccentColor;
				CODE_SIGN_STYLE = Automatic;
				CURRENT_PROJECT_VERSION = 1;
				DEVELOPMENT_TEAM = VF82NM953G;
				GENERATE_INFOPLIST_FILE = YES;
				INFOPLIST_FILE = VIPER_demo/Info.plist;
				INFOPLIST_KEY_UIApplicationSupportsIndirectInputEvents = YES;
				INFOPLIST_KEY_UILaunchStoryboardName = LaunchScreen;
				INFOPLIST_KEY_UIMainStoryboardFile = Post;
				INFOPLIST_KEY_UISupportedInterfaceOrientations = UIInterfaceOrientationPortrait;
				INFOPLIST_KEY_UISupportedInterfaceOrientations_iPad = "UIInterfaceOrientationPortrait UIInterfaceOrientationPortraitUpsideDown UIInterfaceOrientationLandscapeLeft UIInterfaceOrientationLandscapeRight";
				INFOPLIST_KEY_UISupportedInterfaceOrientations_iPhone = "UIInterfaceOrientationPortrait UIInterfaceOrientationLandscapeLeft UIInterfaceOrientationLandscapeRight";
				LD_RUNPATH_SEARCH_PATHS = (
					"$(inherited)",
					"@executable_path/Frameworks",
				);
				MARKETING_VERSION = 1.0;
				PRODUCT_BUNDLE_IDENTIFIER = "looiwenghoong.VIPER-demo";
				PRODUCT_NAME = "$(TARGET_NAME)";
				SWIFT_EMIT_LOC_STRINGS = YES;
				SWIFT_VERSION = 5.0;
				TARGETED_DEVICE_FAMILY = "1,2";
			};
			name = Release;
		};
/* End XCBuildConfiguration section */

/* Begin XCConfigurationList section */
		F431867627BF39D300E7805E /* Build configuration list for PBXProject "VIPER_demo" */ = {
			isa = XCConfigurationList;
			buildConfigurations = (
				F431868D27BF39D800E7805E /* Debug */,
				F431868E27BF39D800E7805E /* Release */,
			);
			defaultConfigurationIsVisible = 0;
			defaultConfigurationName = Release;
		};
		F431868F27BF39D800E7805E /* Build configuration list for PBXNativeTarget "VIPER_demo" */ = {
			isa = XCConfigurationList;
			buildConfigurations = (
				F431869027BF39D800E7805E /* Debug */,
				F431869127BF39D800E7805E /* Release */,
			);
			defaultConfigurationIsVisible = 0;
			defaultConfigurationName = Release;
		};
/* End XCConfigurationList section */
	};
	rootObject = F431867327BF39D300E7805E /* Project object */;
}
